
Microsoft Visual Studio Solution File, Format Version 12.00
# Visual Studio 15
VisualStudioVersion = 15.0.27428.2015
MinimumVisualStudioVersion = 10.0.40219.1
Project("{FAE04EC0-301F-11D3-BF4B-00C04F79EFBC}") = "WeatherApp", "WeatherApp\WeatherApp.csproj", "{C341C12C-F808-4A7A-944A-A33877EB8A1A}"
EndProject
Global
	GlobalSection(SolutionConfigurationPlatforms) = preSolution
		Debug|Any CPU = Debug|Any CPU
		Release|Any CPU = Release|Any CPU
	EndGlobalSection
	GlobalSection(ProjectConfigurationPlatforms) = postSolution
		{C341C12C-F808-4A7A-944A-A33877EB8A1A}.Debug|Any CPU.ActiveCfg = Debug|Any CPU
		{C341C12C-F808-4A7A-944A-A33877EB8A1A}.Debug|Any CPU.Build.0 = Debug|Any CPU
		{C341C12C-F808-4A7A-944A-A33877EB8A1A}.Release|Any CPU.ActiveCfg = Release|Any CPU
		{C341C12C-F808-4A7A-944A-A33877EB8A1A}.Release|Any CPU.Build.0 = Release|Any CPU
	EndGlobalSection
	GlobalSection(SolutionProperties) = preSolution
		HideSolutionNode = FALSE
	EndGlobalSection
	GlobalSection(ExtensibilityGlobals) = postSolution
		SolutionGuid = {1136961E-4939-4ED8-9685-2E952E0795FA}
	EndGlobalSection
EndGlobal
